github.com/bits-and-blooms/bitset v1.2.0 h1:Kn4yilvwNtMACtf1eYDlG8H77R07mZSPbMjLyS07ChA=
github.com/bits-and-blooms/bitset v1.2.0/go.mod h1:gIdJ4wp64HaoK2YrL1Q5/N7Y16edYb8uY+O0FJTyyDA=
github.com/bits-and-blooms/bloom/v3 v3.1.0 h1:o3Adl6bGuD9eZzMiLDepS5jqmoEAv/ZH+fFe/MH1quA=
github.com/bits-and-blooms/bloom/v3 v3.1.0/go.mod h1:MC8muvBzzPOFsrcdND/A7kU7kMhkqb9KI70JlZCP+C8=
github.com/go-basic/uuid v1.0.0 h1:Faqtetcr8uwOzR2qp8RSpkahQiv4+BnJhrpuXPOo63M=
github.com/go-basic/uuid v1.0.0/go.mod h1:yVtVnsXcmaLc9F4Zw7hTV7R0+vtuQw00mdXi+F6tqco=
github.com/go-sql-driver/mysql v1.5.0 h1:ozyZYNQW3x3HtqT1jira07DN2PArx2v7/mN66gGcHOs=
github.com/go-sql-driver/mysql v1.5.0/go.mod h1:DCzpHaOWr8IXmIStZouvnhqoel9Qv2LBy8hT2VhHyBg=
github.com/spaolacci/murmur3 v1.1.0 h1:7c1g84S4BPRrfL5Xrdp6fOJ206sU9y293DDHaoy0bLI=
github.com/spaolacci/murmur3 v1.1.0/go.mod h1:JwIasOWyU6f++ZhiEuf87xNszmSA2myDM2Kzu9HwQUA=
